
Microsoft Visual Studio Solution File, Format Version 12.00
# Visual Studio 15
VisualStudioVersion = 15.0.27130.0
MinimumVisualStudioVersion = 10.0.40219.1
Project("{FAE04EC0-301F-11D3-BF4B-00C04F79EFBC}") = "ConsoleApp1", "ConsoleApp1\ConsoleApp1.csproj", "{302BB96A-6A20-4FAE-A01C-82DE8CDC191C}"
EndProject
Global
	GlobalSection(SolutionConfigurationPlatforms) = preSolution
		Debug|Any CPU = Debug|Any CPU
		Release|Any CPU = Release|Any CPU
	EndGlobalSection
	GlobalSection(ProjectConfigurationPlatforms) = postSolution
		{302BB96A-6A20-4FAE-A01C-82DE8CDC191C}.Debug|Any CPU.ActiveCfg = Debug|Any CPU
		{302BB96A-6A20-4FAE-A01C-82DE8CDC191C}.Debug|Any CPU.Build.0 = Debug|Any CPU
		{302BB96A-6A20-4FAE-A01C-82DE8CDC191C}.Release|Any CPU.ActiveCfg = Release|Any CPU
		{302BB96A-6A20-4FAE-A01C-82DE8CDC191C}.Release|Any CPU.Build.0 = Release|Any CPU
	EndGlobalSection
	GlobalSection(SolutionProperties) = preSolution
		HideSolutionNode = FALSE
	EndGlobalSection
	GlobalSection(ExtensibilityGlobals) = postSolution
		SolutionGuid = {D8639734-C404-4A6C-9713-55F84A9E951E}
	EndGlobalSection
EndGlobal
